
Microsoft Visual Studio Solution File, Format Version 12.00
# Visual Studio Version 17
VisualStudioVersion = 17.0.31903.59
MinimumVisualStudioVersion = 10.0.40219.1
Project("{2150E333-8FDC-42A3-9474-1A3956D46DE8}") = "Application", "Application", "{6B4408D7-F80A-49AD-B559-53E5942E7904}"
EndProject
Project("{2150E333-8FDC-42A3-9474-1A3956D46DE8}") = "Domain", "Domain", "{4A3119A7-2DA1-43A5-AA7F-72A7BE86F3B7}"
EndProject
Project("{2150E333-8FDC-42A3-9474-1A3956D46DE8}") = "Test", "Test", "{AA98CC24-3060-4E40-A1FB-DB208E0D6C53}"
EndProject
Project("{2150E333-8FDC-42A3-9474-1A3956D46DE8}") = "Src", "Src", "{EE8414F4-E304-4E17-B24E-9C09137C24C1}"
EndProject
Project("{2150E333-8FDC-42A3-9474-1A3956D46DE8}") = "Gateways", "Gateways", "{5E97F36C-14C4-4688-B0AA-35EB87B01E43}"
EndProject
Project("{2150E333-8FDC-42A3-9474-1A3956D46DE8}") = "Infrastructure", "Infrastructure", "{AEAB58D9-CF61-4124-B05A-3DA7FB5DDE95}"
EndProject
Project("{FAE04EC0-301F-11D3-BF4B-00C04F79EFBC}") = "DDDFramework.Application.Contracts", "DDDFramework.Application.Contracts\DDDFramework.Application.Contracts.csproj", "{E36650A4-15F7-4E38-A995-0C76DF6D50B6}"
EndProject
Project("{FAE04EC0-301F-11D3-BF4B-00C04F79EFBC}") = "DDDFramework.Application", "Application\DDDFramework.Application\DDDFramework.Application.csproj", "{AC0FBD3D-9D1F-495E-AD6D-4F07CCBFC0D2}"
EndProject
Project("{FAE04EC0-301F-11D3-BF4B-00C04F79EFBC}") = "DDDFramework.Domain", "Domain\DDDFramework.Domain\DDDFramework.Domain.csproj", "{BBDBB81F-9339-4395-BDAC-51C856144DA6}"
EndProject
Project("{FAE04EC0-301F-11D3-BF4B-00C04F79EFBC}") = "DDDFramework.Domain.Contracts", "Domain\DDDFramework.Domain.Contracts\DDDFramework.Domain.Contracts.csproj", "{4A07EA40-4072-45EB-A6B0-7C46FA19DE57}"
EndProject
Project("{FAE04EC0-301F-11D3-BF4B-00C04F79EFBC}") = "Gateways", "Gatways\Gateways\Gateways.csproj", "{04CDD149-63C3-4EE4-8D22-1F23ED852809}"
EndProject
Project("{FAE04EC0-301F-11D3-BF4B-00C04F79EFBC}") = "Gateways.Ocelot", "Gatways\Gateways.Ocelot\Gateways.Ocelot\Gateways.Ocelot.csproj", "{F3817701-B54C-4EF0-9658-913023E9178D}"
EndProject
Project("{FAE04EC0-301F-11D3-BF4B-00C04F79EFBC}") = "Persistence.ES", "DDDFramework.Infrastructure\Persistence.ES\Persistence.ES.csproj", "{72440998-6F57-44AD-A036-833552E9DF34}"
EndProject
Project("{FAE04EC0-301F-11D3-BF4B-00C04F79EFBC}") = "DDDFramework.Infrastructure.Config", "DDDFramework.Infrastructure\DDDFramework.Infrastructure.Config\DDDFramework.Infrastructure.Config.csproj", "{79212329-A8F7-40D1-B7FA-A598D83AF4C9}"
EndProject
Project("{FAE04EC0-301F-11D3-BF4B-00C04F79EFBC}") = "DDDFramework.Tests", "DDDFramework.Tests\DDDFramework.Tests\DDDFramework.Tests.csproj", "{9984B46B-7030-4110-87C7-5AC58AFB246A}"
EndProject
Project("{FAE04EC0-301F-11D3-BF4B-00C04F79EFBC}") = "DDDFramework.Integration.test", "DDDFramework.Integration.tests\DDDFramework.Integration.test\DDDFramework.Integration.test.csproj", "{42CD95A9-A2B0-4D03-BD31-8306CA434702}"
EndProject
Project("{FAE04EC0-301F-11D3-BF4B-00C04F79EFBC}") = "ServiceHost", "ServiceHost\ServiceHost.csproj", "{2A5E16FF-E0E3-46E9-ADE2-902895342603}"
EndProject
Project("{2150E333-8FDC-42A3-9474-1A3956D46DE8}") = "Core", "Core", "{EF601538-964C-4903-AD28-8C880648582E}"
EndProject
Project("{FAE04EC0-301F-11D3-BF4B-00C04F79EFBC}") = "Aggregate", "Aggregate\Aggregate.csproj", "{CC82D100-3B16-4068-91E4-A28B9EDB67BD}"
EndProject
Global
	GlobalSection(SolutionConfigurationPlatforms) = preSolution
		Debug|Any CPU = Debug|Any CPU
		Release|Any CPU = Release|Any CPU
	EndGlobalSection
	GlobalSection(SolutionProperties) = preSolution
		HideSolutionNode = FALSE
	EndGlobalSection
	GlobalSection(NestedProjects) = preSolution
		{4A3119A7-2DA1-43A5-AA7F-72A7BE86F3B7} = {EE8414F4-E304-4E17-B24E-9C09137C24C1}
		{6B4408D7-F80A-49AD-B559-53E5942E7904} = {EE8414F4-E304-4E17-B24E-9C09137C24C1}
		{5E97F36C-14C4-4688-B0AA-35EB87B01E43} = {EE8414F4-E304-4E17-B24E-9C09137C24C1}
		{AEAB58D9-CF61-4124-B05A-3DA7FB5DDE95} = {EE8414F4-E304-4E17-B24E-9C09137C24C1}
		{E36650A4-15F7-4E38-A995-0C76DF6D50B6} = {6B4408D7-F80A-49AD-B559-53E5942E7904}
		{AC0FBD3D-9D1F-495E-AD6D-4F07CCBFC0D2} = {6B4408D7-F80A-49AD-B559-53E5942E7904}
		{BBDBB81F-9339-4395-BDAC-51C856144DA6} = {4A3119A7-2DA1-43A5-AA7F-72A7BE86F3B7}
		{4A07EA40-4072-45EB-A6B0-7C46FA19DE57} = {4A3119A7-2DA1-43A5-AA7F-72A7BE86F3B7}
		{04CDD149-63C3-4EE4-8D22-1F23ED852809} = {5E97F36C-14C4-4688-B0AA-35EB87B01E43}
		{F3817701-B54C-4EF0-9658-913023E9178D} = {5E97F36C-14C4-4688-B0AA-35EB87B01E43}
		{72440998-6F57-44AD-A036-833552E9DF34} = {AEAB58D9-CF61-4124-B05A-3DA7FB5DDE95}
		{79212329-A8F7-40D1-B7FA-A598D83AF4C9} = {AEAB58D9-CF61-4124-B05A-3DA7FB5DDE95}
		{9984B46B-7030-4110-87C7-5AC58AFB246A} = {AA98CC24-3060-4E40-A1FB-DB208E0D6C53}
		{42CD95A9-A2B0-4D03-BD31-8306CA434702} = {AA98CC24-3060-4E40-A1FB-DB208E0D6C53}
		{2A5E16FF-E0E3-46E9-ADE2-902895342603} = {EE8414F4-E304-4E17-B24E-9C09137C24C1}
		{CC82D100-3B16-4068-91E4-A28B9EDB67BD} = {EF601538-964C-4903-AD28-8C880648582E}
	EndGlobalSection
	GlobalSection(ProjectConfigurationPlatforms) = postSolution
		{E36650A4-15F7-4E38-A995-0C76DF6D50B6}.Debug|Any CPU.ActiveCfg = Debug|Any CPU
		{E36650A4-15F7-4E38-A995-0C76DF6D50B6}.Debug|Any CPU.Build.0 = Debug|Any CPU
		{E36650A4-15F7-4E38-A995-0C76DF6D50B6}.Release|Any CPU.ActiveCfg = Release|Any CPU
		{E36650A4-15F7-4E38-A995-0C76DF6D50B6}.Release|Any CPU.Build.0 = Release|Any CPU
		{AC0FBD3D-9D1F-495E-AD6D-4F07CCBFC0D2}.Debug|Any CPU.ActiveCfg = Debug|Any CPU
		{AC0FBD3D-9D1F-495E-AD6D-4F07CCBFC0D2}.Debug|Any CPU.Build.0 = Debug|Any CPU
		{AC0FBD3D-9D1F-495E-AD6D-4F07CCBFC0D2}.Release|Any CPU.ActiveCfg = Release|Any CPU
		{AC0FBD3D-9D1F-495E-AD6D-4F07CCBFC0D2}.Release|Any CPU.Build.0 = Release|Any CPU
		{BBDBB81F-9339-4395-BDAC-51C856144DA6}.Debug|Any CPU.ActiveCfg = Debug|Any CPU
		{BBDBB81F-9339-4395-BDAC-51C856144DA6}.Debug|Any CPU.Build.0 = Debug|Any CPU
		{BBDBB81F-9339-4395-BDAC-51C856144DA6}.Release|Any CPU.ActiveCfg = Release|Any CPU
		{BBDBB81F-9339-4395-BDAC-51C856144DA6}.Release|Any CPU.Build.0 = Release|Any CPU
		{4A07EA40-4072-45EB-A6B0-7C46FA19DE57}.Debug|Any CPU.ActiveCfg = Debug|Any CPU
		{4A07EA40-4072-45EB-A6B0-7C46FA19DE57}.Debug|Any CPU.Build.0 = Debug|Any CPU
		{4A07EA40-4072-45EB-A6B0-7C46FA19DE57}.Release|Any CPU.ActiveCfg = Release|Any CPU
		{4A07EA40-4072-45EB-A6B0-7C46FA19DE57}.Release|Any CPU.Build.0 = Release|Any CPU
		{04CDD149-63C3-4EE4-8D22-1F23ED852809}.Debug|Any CPU.ActiveCfg = Debug|Any CPU
		{04CDD149-63C3-4EE4-8D22-1F23ED852809}.Debug|Any CPU.Build.0 = Debug|Any CPU
		{04CDD149-63C3-4EE4-8D22-1F23ED852809}.Release|Any CPU.ActiveCfg = Release|Any CPU
		{04CDD149-63C3-4EE4-8D22-1F23ED852809}.Release|Any CPU.Build.0 = Release|Any CPU
		{F3817701-B54C-4EF0-9658-913023E9178D}.Debug|Any CPU.ActiveCfg = Debug|Any CPU
		{F3817701-B54C-4EF0-9658-913023E9178D}.Debug|Any CPU.Build.0 = Debug|Any CPU
		{F3817701-B54C-4EF0-9658-913023E9178D}.Release|Any CPU.ActiveCfg = Release|Any CPU
		{F3817701-B54C-4EF0-9658-913023E9178D}.Release|Any CPU.Build.0 = Release|Any CPU
		{72440998-6F57-44AD-A036-833552E9DF34}.Debug|Any CPU.ActiveCfg = Debug|Any CPU
		{72440998-6F57-44AD-A036-833552E9DF34}.Debug|Any CPU.Build.0 = Debug|Any CPU
		{72440998-6F57-44AD-A036-833552E9DF34}.Release|Any CPU.ActiveCfg = Release|Any CPU
		{72440998-6F57-44AD-A036-833552E9DF34}.Release|Any CPU.Build.0 = Release|Any CPU
		{79212329-A8F7-40D1-B7FA-A598D83AF4C9}.Debug|Any CPU.ActiveCfg = Debug|Any CPU
		{79212329-A8F7-40D1-B7FA-A598D83AF4C9}.Debug|Any CPU.Build.0 = Debug|Any CPU
		{79212329-A8F7-40D1-B7FA-A598D83AF4C9}.Release|Any CPU.ActiveCfg = Release|Any CPU
		{79212329-A8F7-40D1-B7FA-A598D83AF4C9}.Release|Any CPU.Build.0 = Release|Any CPU
		{9984B46B-7030-4110-87C7-5AC58AFB246A}.Debug|Any CPU.ActiveCfg = Debug|Any CPU
		{9984B46B-7030-4110-87C7-5AC58AFB246A}.Debug|Any CPU.Build.0 = Debug|Any CPU
		{9984B46B-7030-4110-87C7-5AC58AFB246A}.Release|Any CPU.ActiveCfg = Release|Any CPU
		{9984B46B-7030-4110-87C7-5AC58AFB246A}.Release|Any CPU.Build.0 = Release|Any CPU
		{42CD95A9-A2B0-4D03-BD31-8306CA434702}.Debug|Any CPU.ActiveCfg = Debug|Any CPU
		{42CD95A9-A2B0-4D03-BD31-8306CA434702}.Debug|Any CPU.Build.0 = Debug|Any CPU
		{42CD95A9-A2B0-4D03-BD31-8306CA434702}.Release|Any CPU.ActiveCfg = Release|Any CPU
		{42CD95A9-A2B0-4D03-BD31-8306CA434702}.Release|Any CPU.Build.0 = Release|Any CPU
		{2A5E16FF-E0E3-46E9-ADE2-902895342603}.Debug|Any CPU.ActiveCfg = Debug|Any CPU
		{2A5E16FF-E0E3-46E9-ADE2-902895342603}.Debug|Any CPU.Build.0 = Debug|Any CPU
		{2A5E16FF-E0E3-46E9-ADE2-902895342603}.Release|Any CPU.ActiveCfg = Release|Any CPU
		{2A5E16FF-E0E3-46E9-ADE2-902895342603}.Release|Any CPU.Build.0 = Release|Any CPU
		{CC82D100-3B16-4068-91E4-A28B9EDB67BD}.Debug|Any CPU.ActiveCfg = Debug|Any CPU
		{CC82D100-3B16-4068-91E4-A28B9EDB67BD}.Debug|Any CPU.Build.0 = Debug|Any CPU
		{CC82D100-3B16-4068-91E4-A28B9EDB67BD}.Release|Any CPU.ActiveCfg = Release|Any CPU
		{CC82D100-3B16-4068-91E4-A28B9EDB67BD}.Release|Any CPU.Build.0 = Release|Any CPU
	EndGlobalSection
EndGlobal
